// !$*UTF8*$!
{
	archiveVersion = 1;
	classes = {
	};
	objectVersion = 46;
	objects = {

/* Begin PBXBuildFile section */
		0A09574E1620120E00158B4F /* AJMainViewController.m in Sources */ = {isa = PBXBuildFile; fileRef = 0A09574C1620120E00158B4F /* AJMainViewController.m */; };
		0A09574F1620120E00158B4F /* AJMainViewController.xib in Resources */ = {isa = PBXBuildFile; fileRef = 0A09574D1620120E00158B4F /* AJMainViewController.xib */; };
		0A09575716201A1300158B4F /* PhotoTableViewCell.xib in Resources */ = {isa = PBXBuildFile; fileRef = 0A09575616201A1300158B4F /* PhotoTableViewCell.xib */; };
		0A09575B162023B800158B4F /* AJTableViewController.m in Sources */ = {isa = PBXBuildFile; fileRef = 0A095759162023B800158B4F /* AJTableViewController.m */; };
		0A09575C162023B800158B4F /* AJTableViewController.xib in Resources */ = {isa = PBXBuildFile; fileRef = 0A09575A162023B800158B4F /* AJTableViewController.xib */; };
		0A0957671620307000158B4F /* AJPhoto.m in Sources */ = {isa = PBXBuildFile; fileRef = 0A0957661620307000158B4F /* AJPhoto.m */; };
		0A09577B1620437D00158B4F /* CoreImage.framework in Frameworks */ = {isa = PBXBuildFile; fileRef = 0A09577A1620437D00158B4F /* CoreImage.framework */; };
		0A09577D1620438A00158B4F /* ImageIO.framework in Frameworks */ = {isa = PBXBuildFile; fileRef = 0A09577C1620438A00158B4F /* ImageIO.framework */; };
		0A0957A116204BA200158B4F /* libSDWebImageARC.a in Frameworks */ = {isa = PBXBuildFile; fileRef = 0A09579C16204B7F00158B4F /* libSDWebImageARC.a */; };
		1702835E162169680066FC53 /* AJCameraViewController.m in Sources */ = {isa = PBXBuildFile; fileRef = 1702835C162169680066FC53 /* AJCameraViewController.m */; };
		1702835F162169680066FC53 /* AJCameraViewController.xib in Resources */ = {isa = PBXBuildFile; fileRef = 1702835D162169680066FC53 /* AJCameraViewController.xib */; };
		17028365162178280066FC53 /* CoreVideo.framework in Frameworks */ = {isa = PBXBuildFile; fileRef = 17028364162178280066FC53 /* CoreVideo.framework */; };
		1702836C16218CEA0066FC53 /* Camera.png in Resources */ = {isa = PBXBuildFile; fileRef = 1702836A16218CEA0066FC53 /* Camera.png */; };
		1702836D16218CEA0066FC53 /* Camera@2x.png in Resources */ = {isa = PBXBuildFile; fileRef = 1702836B16218CEA0066FC53 /* Camera@2x.png */; };
		1702837016218CF80066FC53 /* Footer.png in Resources */ = {isa = PBXBuildFile; fileRef = 1702836E16218CF80066FC53 /* Footer.png */; };
		1702837116218CF80066FC53 /* Footer@2x.png in Resources */ = {isa = PBXBuildFile; fileRef = 1702836F16218CF80066FC53 /* Footer@2x.png */; };
		17028374162196890066FC53 /* Cross.png in Resources */ = {isa = PBXBuildFile; fileRef = 17028372162196890066FC53 /* Cross.png */; };
		17028375162196890066FC53 /* Cross@2x.png in Resources */ = {isa = PBXBuildFile; fileRef = 17028373162196890066FC53 /* Cross@2x.png */; };
		1710A61A161F9551003D599B /* UIKit.framework in Frameworks */ = {isa = PBXBuildFile; fileRef = 1710A619161F9551003D599B /* UIKit.framework */; };
		1710A61C161F9551003D599B /* Foundation.framework in Frameworks */ = {isa = PBXBuildFile; fileRef = 1710A61B161F9551003D599B /* Foundation.framework */; };
		1710A61E161F9551003D599B /* CoreGraphics.framework in Frameworks */ = {isa = PBXBuildFile; fileRef = 1710A61D161F9551003D599B /* CoreGraphics.framework */; };
		1710A624161F9551003D599B /* InfoPlist.strings in Resources */ = {isa = PBXBuildFile; fileRef = 1710A622161F9551003D599B /* InfoPlist.strings */; };
		1710A626161F9551003D599B /* main.m in Sources */ = {isa = PBXBuildFile; fileRef = 1710A625161F9551003D599B /* main.m */; };
		1710A62A161F9551003D599B /* AJAppDelegate.m in Sources */ = {isa = PBXBuildFile; fileRef = 1710A629161F9551003D599B /* AJAppDelegate.m */; };
		1710A62C161F9551003D599B /* Default.png in Resources */ = {isa = PBXBuildFile; fileRef = 1710A62B161F9551003D599B /* Default.png */; };
		1710A62E161F9551003D599B /* Default@2x.png in Resources */ = {isa = PBXBuildFile; fileRef = 1710A62D161F9551003D599B /* Default@2x.png */; };
		1710A630161F9551003D599B /* Default-568h@2x.png in Resources */ = {isa = PBXBuildFile; fileRef = 1710A62F161F9551003D599B /* Default-568h@2x.png */; };
		1710A638161F9551003D599B /* SenTestingKit.framework in Frameworks */ = {isa = PBXBuildFile; fileRef = 1710A637161F9551003D599B /* SenTestingKit.framework */; };
		1710A639161F9551003D599B /* UIKit.framework in Frameworks */ = {isa = PBXBuildFile; fileRef = 1710A619161F9551003D599B /* UIKit.framework */; };
		1710A63A161F9551003D599B /* Foundation.framework in Frameworks */ = {isa = PBXBuildFile; fileRef = 1710A61B161F9551003D599B /* Foundation.framework */; };
		1710A642161F9551003D599B /* InfoPlist.strings in Resources */ = {isa = PBXBuildFile; fileRef = 1710A640161F9551003D599B /* InfoPlist.strings */; };
		1710A645161F9551003D599B /* AjapaikTests.m in Sources */ = {isa = PBXBuildFile; fileRef = 1710A644161F9551003D599B /* AjapaikTests.m */; };
		1710A654161F9685003D599B /* MapKit.framework in Frameworks */ = {isa = PBXBuildFile; fileRef = 1710A653161F9685003D599B /* MapKit.framework */; };
		1710A656161F968B003D599B /* CoreLocation.framework in Frameworks */ = {isa = PBXBuildFile; fileRef = 1710A655161F968B003D599B /* CoreLocation.framework */; };
		1710A664161FB0BA003D599B /* AVFoundation.framework in Frameworks */ = {isa = PBXBuildFile; fileRef = 1710A663161FB0BA003D599B /* AVFoundation.framework */; };
		174F668016204A520058AF03 /* (null) in Sources */ = {isa = PBXBuildFile; };
		174F668116204A590058AF03 /* (null) in Resources */ = {isa = PBXBuildFile; };
		174F668216204A780058AF03 /* (null) in Sources */ = {isa = PBXBuildFile; };
		174F668316204C640058AF03 /* (null) in Sources */ = {isa = PBXBuildFile; };
		174F668416204C710058AF03 /* (null) in Resources */ = {isa = PBXBuildFile; };
		174F6692162054BE0058AF03 /* AJPhotoPreviewView.m in Sources */ = {isa = PBXBuildFile; fileRef = 174F6691162054BE0058AF03 /* AJPhotoPreviewView.m */; };
		5B0FCB5516219017008D4367 /* Icon.png in Resources */ = {isa = PBXBuildFile; fileRef = 5B0FCB5416219017008D4367 /* Icon.png */; };
		5B0FCB571621901E008D4367 /* Icon@2x.png in Resources */ = {isa = PBXBuildFile; fileRef = 5B0FCB561621901E008D4367 /* Icon@2x.png */; };
		5B0FCB651621A509008D4367 /* TabBar.png in Resources */ = {isa = PBXBuildFile; fileRef = 5B0FCB631621A509008D4367 /* TabBar.png */; };
		5B0FCB661621A509008D4367 /* TabBar@2x.png in Resources */ = {isa = PBXBuildFile; fileRef = 5B0FCB641621A509008D4367 /* TabBar@2x.png */; };
		5B493A8516205C740038B76B /* AJMapViewController.m in Sources */ = {isa = PBXBuildFile; fileRef = 0A0957B61620544600158B4F /* AJMapViewController.m */; };
		5B493A8616205C850038B76B /* AJMapViewController.xib in Resources */ = {isa = PBXBuildFile; fileRef = 0A0957B71620544600158B4F /* AJMapViewController.xib */; };
		5B493A8716205CA80038B76B /* AJPhotoAnnotation.m in Sources */ = {isa = PBXBuildFile; fileRef = 0A0957B31620543500158B4F /* AJPhotoAnnotation.m */; };
		5B493A8816205DE10038B76B /* AJCameraOverlayViewController.xib in Resources */ = {isa = PBXBuildFile; fileRef = 0A0957AF1620542300158B4F /* AJCameraOverlayViewController.xib */; };
		5B493A8916205DE70038B76B /* AJCameraOverlayViewController.m in Sources */ = {isa = PBXBuildFile; fileRef = 0A0957AE1620542300158B4F /* AJCameraOverlayViewController.m */; };
		5B493AB31620E4150038B76B /* Ajapaik_logo@2x.png in Resources */ = {isa = PBXBuildFile; fileRef = 5B493AAE1620E4150038B76B /* Ajapaik_logo@2x.png */; };
		5B493AB41620E4150038B76B /* bg.jpg in Resources */ = {isa = PBXBuildFile; fileRef = 5B493AAF1620E4150038B76B /* bg.jpg */; };
		5B493AB51620E4150038B76B /* footer_bg.jpg in Resources */ = {isa = PBXBuildFile; fileRef = 5B493AB01620E4150038B76B /* footer_bg.jpg */; };
		5B493AB61620E4150038B76B /* icon_camera.png in Resources */ = {isa = PBXBuildFile; fileRef = 5B493AB11620E4150038B76B /* icon_camera.png */; };
		5B493AB71620E4150038B76B /* icon_camera_hot.png in Resources */ = {isa = PBXBuildFile; fileRef = 5B493AB21620E4150038B76B /* icon_camera_hot.png */; };
		5B493ABB162138980038B76B /* Icon@2x.png in Resources */ = {isa = PBXBuildFile; fileRef = 5B493AB8162138970038B76B /* Icon@2x.png */; };
		5B493ABC162138980038B76B /* Icon.png in Resources */ = {isa = PBXBuildFile; fileRef = 5B493AB9162138980038B76B /* Icon.png */; };
		5B493ABD162138980038B76B /* iTunesArtwork.png in Resources */ = {isa = PBXBuildFile; fileRef = 5B493ABA162138980038B76B /* iTunesArtwork.png */; };
		5B493ABF1621754B0038B76B /* photo_frame.png in Resources */ = {isa = PBXBuildFile; fileRef = 5B493ABE162175490038B76B /* photo_frame.png */; };
		5BDD40171620478000B02EAD /* AJDetailViewController.m in Sources */ = {isa = PBXBuildFile; fileRef = 5BDD40151620478000B02EAD /* AJDetailViewController.m */; };
		5BDD40181620478000B02EAD /* AJDetailViewController.xib in Resources */ = {isa = PBXBuildFile; fileRef = 5BDD40161620478000B02EAD /* AJDetailViewController.xib */; };
/* End PBXBuildFile section */

/* Begin PBXContainerItemProxy section */
		0A09579916204B7F00158B4F /* PBXContainerItemProxy */ = {
			isa = PBXContainerItemProxy;
			containerPortal = 0A09579016204B7E00158B4F /* SDWebImage.xcodeproj */;
			proxyType = 2;
			remoteGlobalIDString = 53922D6F148C55820056699D;
			remoteInfo = SDWebImage;
		};
		0A09579B16204B7F00158B4F /* PBXContainerItemProxy */ = {
			isa = PBXContainerItemProxy;
			containerPortal = 0A09579016204B7E00158B4F /* SDWebImage.xcodeproj */;
			proxyType = 2;
			remoteGlobalIDString = 53761325155AD0D5005750A4;
			remoteInfo = "SDWebImage ARC";
		};
		0A09579D16204B7F00158B4F /* PBXContainerItemProxy */ = {
			isa = PBXContainerItemProxy;
			containerPortal = 0A09579016204B7E00158B4F /* SDWebImage.xcodeproj */;
			proxyType = 2;
			remoteGlobalIDString = 531041E0157EAFA400BBABC3;
			remoteInfo = "SDWebImage ARC+MKAnnotation";
		};
		0A09579F16204B9900158B4F /* PBXContainerItemProxy */ = {
			isa = PBXContainerItemProxy;
			containerPortal = 0A09579016204B7E00158B4F /* SDWebImage.xcodeproj */;
			proxyType = 1;
			remoteGlobalIDString = 53761307155AD0D5005750A4;
			remoteInfo = "SDWebImage ARC";
		};
		1710A63B161F9551003D599B /* PBXContainerItemProxy */ = {
			isa = PBXContainerItemProxy;
			containerPortal = 1710A60C161F9551003D599B /* Project object */;
			proxyType = 1;
			remoteGlobalIDString = 1710A614161F9551003D599B;
			remoteInfo = Ajapaik;
		};
/* End PBXContainerItemProxy section */

/* Begin PBXFileReference section */
		0A09574B1620120E00158B4F /* AJMainViewController.h */ = {isa = PBXFileReference; fileEncoding = 4; lastKnownFileType = sourcecode.c.h; path = AJMainViewController.h; sourceTree = "<group>"; };
		0A09574C1620120E00158B4F /* AJMainViewController.m */ = {isa = PBXFileReference; fileEncoding = 4; lastKnownFileType = sourcecode.c.objc; path = AJMainViewController.m; sourceTree = "<group>"; };
		0A09574D1620120E00158B4F /* AJMainViewController.xib */ = {isa = PBXFileReference; fileEncoding = 4; lastKnownFileType = file.xib; path = AJMainViewController.xib; sourceTree = "<group>"; };
		0A09575616201A1300158B4F /* PhotoTableViewCell.xib */ = {isa = PBXFileReference; fileEncoding = 4; lastKnownFileType = file.xib; path = PhotoTableViewCell.xib; sourceTree = "<group>"; };
		0A095758162023B800158B4F /* AJTableViewController.h */ = {isa = PBXFileReference; fileEncoding = 4; lastKnownFileType = sourcecode.c.h; path = AJTableViewController.h; sourceTree = "<group>"; };
		0A095759162023B800158B4F /* AJTableViewController.m */ = {isa = PBXFileReference; fileEncoding = 4; lastKnownFileType = sourcecode.c.objc; path = AJTableViewController.m; sourceTree = "<group>"; };
		0A09575A162023B800158B4F /* AJTableViewController.xib */ = {isa = PBXFileReference; fileEncoding = 4; lastKnownFileType = file.xib; path = AJTableViewController.xib; sourceTree = "<group>"; };
		0A0957631620301E00158B4F /* AJMainSubViewDelegate.h */ = {isa = PBXFileReference; lastKnownFileType = sourcecode.c.h; path = AJMainSubViewDelegate.h; sourceTree = "<group>"; };
		0A0957651620307000158B4F /* AJPhoto.h */ = {isa = PBXFileReference; fileEncoding = 4; lastKnownFileType = sourcecode.c.h; path = AJPhoto.h; sourceTree = "<group>"; };
		0A0957661620307000158B4F /* AJPhoto.m */ = {isa = PBXFileReference; fileEncoding = 4; lastKnownFileType = sourcecode.c.objc; path = AJPhoto.m; sourceTree = "<group>"; };
		0A09577A1620437D00158B4F /* CoreImage.framework */ = {isa = PBXFileReference; lastKnownFileType = wrapper.framework; name = CoreImage.framework; path = System/Library/Frameworks/CoreImage.framework; sourceTree = SDKROOT; };
		0A09577C1620438A00158B4F /* ImageIO.framework */ = {isa = PBXFileReference; lastKnownFileType = wrapper.framework; name = ImageIO.framework; path = System/Library/Frameworks/ImageIO.framework; sourceTree = SDKROOT; };
		0A09579016204B7E00158B4F /* SDWebImage.xcodeproj */ = {isa = PBXFileReference; lastKnownFileType = "wrapper.pb-project"; name = SDWebImage.xcodeproj; path = Ajapaik/SDWebImage/SDWebImage.xcodeproj; sourceTree = "<group>"; };
		0A0957AD1620542300158B4F /* AJCameraOverlayViewController.h */ = {isa = PBXFileReference; fileEncoding = 4; lastKnownFileType = sourcecode.c.h; path = AJCameraOverlayViewController.h; sourceTree = "<group>"; };
		0A0957AE1620542300158B4F /* AJCameraOverlayViewController.m */ = {isa = PBXFileReference; fileEncoding = 4; lastKnownFileType = sourcecode.c.objc; path = AJCameraOverlayViewController.m; sourceTree = "<group>"; };
		0A0957AF1620542300158B4F /* AJCameraOverlayViewController.xib */ = {isa = PBXFileReference; fileEncoding = 4; lastKnownFileType = file.xib; path = AJCameraOverlayViewController.xib; sourceTree = "<group>"; };
		0A0957B21620543500158B4F /* AJPhotoAnnotation.h */ = {isa = PBXFileReference; fileEncoding = 4; lastKnownFileType = sourcecode.c.h; path = AJPhotoAnnotation.h; sourceTree = "<group>"; };
		0A0957B31620543500158B4F /* AJPhotoAnnotation.m */ = {isa = PBXFileReference; fileEncoding = 4; lastKnownFileType = sourcecode.c.objc; path = AJPhotoAnnotation.m; sourceTree = "<group>"; };
		0A0957B51620544600158B4F /* AJMapViewController.h */ = {isa = PBXFileReference; fileEncoding = 4; lastKnownFileType = sourcecode.c.h; path = AJMapViewController.h; sourceTree = "<group>"; };
		0A0957B61620544600158B4F /* AJMapViewController.m */ = {isa = PBXFileReference; fileEncoding = 4; lastKnownFileType = sourcecode.c.objc; path = AJMapViewController.m; sourceTree = "<group>"; };
		0A0957B71620544600158B4F /* AJMapViewController.xib */ = {isa = PBXFileReference; fileEncoding = 4; lastKnownFileType = file.xib; path = AJMapViewController.xib; sourceTree = "<group>"; };
		1702835B162169680066FC53 /* AJCameraViewController.h */ = {isa = PBXFileReference; fileEncoding = 4; lastKnownFileType = sourcecode.c.h; path = AJCameraViewController.h; sourceTree = "<group>"; };
		1702835C162169680066FC53 /* AJCameraViewController.m */ = {isa = PBXFileReference; fileEncoding = 4; lastKnownFileType = sourcecode.c.objc; path = AJCameraViewController.m; sourceTree = "<group>"; };
		1702835D162169680066FC53 /* AJCameraViewController.xib */ = {isa = PBXFileReference; fileEncoding = 4; lastKnownFileType = file.xib; path = AJCameraViewController.xib; sourceTree = "<group>"; };
		17028364162178280066FC53 /* CoreVideo.framework */ = {isa = PBXFileReference; lastKnownFileType = wrapper.framework; name = CoreVideo.framework; path = System/Library/Frameworks/CoreVideo.framework; sourceTree = SDKROOT; };
		1702836A16218CEA0066FC53 /* Camera.png */ = {isa = PBXFileReference; lastKnownFileType = image.png; path = Camera.png; sourceTree = "<group>"; };
		1702836B16218CEA0066FC53 /* Camera@2x.png */ = {isa = PBXFileReference; lastKnownFileType = image.png; path = "Camera@2x.png"; sourceTree = "<group>"; };
		1702836E16218CF80066FC53 /* Footer.png */ = {isa = PBXFileReference; lastKnownFileType = image.png; path = Footer.png; sourceTree = "<group>"; };
		1702836F16218CF80066FC53 /* Footer@2x.png */ = {isa = PBXFileReference; lastKnownFileType = image.png; path = "Footer@2x.png"; sourceTree = "<group>"; };
		17028372162196890066FC53 /* Cross.png */ = {isa = PBXFileReference; lastKnownFileType = image.png; path = Cross.png; sourceTree = "<group>"; };
		17028373162196890066FC53 /* Cross@2x.png */ = {isa = PBXFileReference; lastKnownFileType = image.png; path = "Cross@2x.png"; sourceTree = "<group>"; };
		1710A615161F9551003D599B /* Ajapaik.app */ = {isa = PBXFileReference; explicitFileType = wrapper.application; includeInIndex = 0; path = Ajapaik.app; sourceTree = BUILT_PRODUCTS_DIR; };
		1710A619161F9551003D599B /* UIKit.framework */ = {isa = PBXFileReference; lastKnownFileType = wrapper.framework; name = UIKit.framework; path = System/Library/Frameworks/UIKit.framework; sourceTree = SDKROOT; };
		1710A61B161F9551003D599B /* Foundation.framework */ = {isa = PBXFileReference; lastKnownFileType = wrapper.framework; name = Foundation.framework; path = System/Library/Frameworks/Foundation.framework; sourceTree = SDKROOT; };
		1710A61D161F9551003D599B /* CoreGraphics.framework */ = {isa = PBXFileReference; lastKnownFileType = wrapper.framework; name = CoreGraphics.framework; path = System/Library/Frameworks/CoreGraphics.framework; sourceTree = SDKROOT; };
		1710A621161F9551003D599B /* Ajapaik-Info.plist */ = {isa = PBXFileReference; lastKnownFileType = text.plist.xml; path = "Ajapaik-Info.plist"; sourceTree = "<group>"; };
		1710A623161F9551003D599B /* en */ = {isa = PBXFileReference; lastKnownFileType = text.plist.strings; name = en; path = en.lproj/InfoPlist.strings; sourceTree = "<group>"; };
		1710A625161F9551003D599B /* main.m */ = {isa = PBXFileReference; lastKnownFileType = sourcecode.c.objc; path = main.m; sourceTree = "<group>"; };
		1710A627161F9551003D599B /* Ajapaik-Prefix.pch */ = {isa = PBXFileReference; lastKnownFileType = sourcecode.c.h; path = "Ajapaik-Prefix.pch"; sourceTree = "<group>"; };
		1710A628161F9551003D599B /* AJAppDelegate.h */ = {isa = PBXFileReference; lastKnownFileType = sourcecode.c.h; path = AJAppDelegate.h; sourceTree = "<group>"; };
		1710A629161F9551003D599B /* AJAppDelegate.m */ = {isa = PBXFileReference; lastKnownFileType = sourcecode.c.objc; path = AJAppDelegate.m; sourceTree = "<group>"; };
		1710A62B161F9551003D599B /* Default.png */ = {isa = PBXFileReference; lastKnownFileType = image.png; path = Default.png; sourceTree = "<group>"; };
		1710A62D161F9551003D599B /* Default@2x.png */ = {isa = PBXFileReference; lastKnownFileType = image.png; path = "Default@2x.png"; sourceTree = "<group>"; };
		1710A62F161F9551003D599B /* Default-568h@2x.png */ = {isa = PBXFileReference; lastKnownFileType = image.png; path = "Default-568h@2x.png"; sourceTree = "<group>"; };
		1710A636161F9551003D599B /* AjapaikTests.octest */ = {isa = PBXFileReference; explicitFileType = wrapper.cfbundle; includeInIndex = 0; path = AjapaikTests.octest; sourceTree = BUILT_PRODUCTS_DIR; };
		1710A637161F9551003D599B /* SenTestingKit.framework */ = {isa = PBXFileReference; lastKnownFileType = wrapper.framework; name = SenTestingKit.framework; path = Library/Frameworks/SenTestingKit.framework; sourceTree = DEVELOPER_DIR; };
		1710A63F161F9551003D599B /* AjapaikTests-Info.plist */ = {isa = PBXFileReference; lastKnownFileType = text.plist.xml; path = "AjapaikTests-Info.plist"; sourceTree = "<group>"; };
		1710A641161F9551003D599B /* en */ = {isa = PBXFileReference; lastKnownFileType = text.plist.strings; name = en; path = en.lproj/InfoPlist.strings; sourceTree = "<group>"; };
		1710A643161F9551003D599B /* AjapaikTests.h */ = {isa = PBXFileReference; lastKnownFileType = sourcecode.c.h; path = AjapaikTests.h; sourceTree = "<group>"; };
		1710A644161F9551003D599B /* AjapaikTests.m */ = {isa = PBXFileReference; lastKnownFileType = sourcecode.c.objc; path = AjapaikTests.m; sourceTree = "<group>"; };
		1710A653161F9685003D599B /* MapKit.framework */ = {isa = PBXFileReference; lastKnownFileType = wrapper.framework; name = MapKit.framework; path = System/Library/Frameworks/MapKit.framework; sourceTree = SDKROOT; };
		1710A655161F968B003D599B /* CoreLocation.framework */ = {isa = PBXFileReference; lastKnownFileType = wrapper.framework; name = CoreLocation.framework; path = System/Library/Frameworks/CoreLocation.framework; sourceTree = SDKROOT; };
		1710A663161FB0BA003D599B /* AVFoundation.framework */ = {isa = PBXFileReference; lastKnownFileType = wrapper.framework; name = AVFoundation.framework; path = System/Library/Frameworks/AVFoundation.framework; sourceTree = SDKROOT; };
		174F6690162054BE0058AF03 /* AJPhotoPreviewView.h */ = {isa = PBXFileReference; fileEncoding = 4; lastKnownFileType = sourcecode.c.h; path = AJPhotoPreviewView.h; sourceTree = "<group>"; };
		174F6691162054BE0058AF03 /* AJPhotoPreviewView.m */ = {isa = PBXFileReference; fileEncoding = 4; lastKnownFileType = sourcecode.c.objc; path = AJPhotoPreviewView.m; sourceTree = "<group>"; };
		5B0FCB5416219017008D4367 /* Icon.png */ = {isa = PBXFileReference; lastKnownFileType = image.png; path = Icon.png; sourceTree = "<group>"; };
		5B0FCB561621901E008D4367 /* Icon@2x.png */ = {isa = PBXFileReference; lastKnownFileType = image.png; path = "Icon@2x.png"; sourceTree = "<group>"; };
		5B0FCB631621A509008D4367 /* TabBar.png */ = {isa = PBXFileReference; lastKnownFileType = image.png; path = TabBar.png; sourceTree = "<group>"; };
		5B0FCB641621A509008D4367 /* TabBar@2x.png */ = {isa = PBXFileReference; lastKnownFileType = image.png; path = "TabBar@2x.png"; sourceTree = "<group>"; };
		5B493AAE1620E4150038B76B /* Ajapaik_logo@2x.png */ = {isa = PBXFileReference; lastKnownFileType = image.png; path = "Ajapaik_logo@2x.png"; sourceTree = "<group>"; };
		5B493AAF1620E4150038B76B /* bg.jpg */ = {isa = PBXFileReference; lastKnownFileType = image.jpeg; path = bg.jpg; sourceTree = "<group>"; };
		5B493AB01620E4150038B76B /* footer_bg.jpg */ = {isa = PBXFileReference; lastKnownFileType = image.jpeg; path = footer_bg.jpg; sourceTree = "<group>"; };
		5B493AB11620E4150038B76B /* icon_camera.png */ = {isa = PBXFileReference; lastKnownFileType = image.png; path = icon_camera.png; sourceTree = "<group>"; };
		5B493AB21620E4150038B76B /* icon_camera_hot.png */ = {isa = PBXFileReference; lastKnownFileType = image.png; path = icon_camera_hot.png; sourceTree = "<group>"; };
		5B493AB8162138970038B76B /* Icon@2x.png */ = {isa = PBXFileReference; lastKnownFileType = image.png; path = "Icon@2x.png"; sourceTree = "<group>"; };
		5B493AB9162138980038B76B /* Icon.png */ = {isa = PBXFileReference; lastKnownFileType = image.png; path = Icon.png; sourceTree = "<group>"; };
		5B493ABA162138980038B76B /* iTunesArtwork.png */ = {isa = PBXFileReference; lastKnownFileType = image.png; path = iTunesArtwork.png; sourceTree = "<group>"; };
		5B493ABE162175490038B76B /* photo_frame.png */ = {isa = PBXFileReference; lastKnownFileType = image.png; path = photo_frame.png; sourceTree = "<group>"; };
		5BDD40141620478000B02EAD /* AJDetailViewController.h */ = {isa = PBXFileReference; fileEncoding = 4; lastKnownFileType = sourcecode.c.h; path = AJDetailViewController.h; sourceTree = "<group>"; };
		5BDD40151620478000B02EAD /* AJDetailViewController.m */ = {isa = PBXFileReference; fileEncoding = 4; lastKnownFileType = sourcecode.c.objc; path = AJDetailViewController.m; sourceTree = "<group>"; };
		5BDD40161620478000B02EAD /* AJDetailViewController.xib */ = {isa = PBXFileReference; fileEncoding = 4; lastKnownFileType = file.xib; path = AJDetailViewController.xib; sourceTree = "<group>"; };
/* End PBXFileReference section */

/* Begin PBXFrameworksBuildPhase section */
		1710A612161F9551003D599B /* Frameworks */ = {
			isa = PBXFrameworksBuildPhase;
			buildActionMask = 2147483647;
			files = (
				17028365162178280066FC53 /* CoreVideo.framework in Frameworks */,
				0A0957A116204BA200158B4F /* libSDWebImageARC.a in Frameworks */,
				0A09577D1620438A00158B4F /* ImageIO.framework in Frameworks */,
				0A09577B1620437D00158B4F /* CoreImage.framework in Frameworks */,
				1710A664161FB0BA003D599B /* AVFoundation.framework in Frameworks */,
				1710A656161F968B003D599B /* CoreLocation.framework in Frameworks */,
				1710A654161F9685003D599B /* MapKit.framework in Frameworks */,
				1710A61A161F9551003D599B /* UIKit.framework in Frameworks */,
				1710A61C161F9551003D599B /* Foundation.framework in Frameworks */,
				1710A61E161F9551003D599B /* CoreGraphics.framework in Frameworks */,
			);
			runOnlyForDeploymentPostprocessing = 0;
		};
		1710A632161F9551003D599B /* Frameworks */ = {
			isa = PBXFrameworksBuildPhase;
			buildActionMask = 2147483647;
			files = (
				1710A638161F9551003D599B /* SenTestingKit.framework in Frameworks */,
				1710A639161F9551003D599B /* UIKit.framework in Frameworks */,
				1710A63A161F9551003D599B /* Foundation.framework in Frameworks */,
			);
			runOnlyForDeploymentPostprocessing = 0;
		};
/* End PBXFrameworksBuildPhase section */

/* Begin PBXGroup section */
		0A09575D16202BFA00158B4F /* MainView */ = {
			isa = PBXGroup;
			children = (
				5BDD4012162046AF00B02EAD /* DetailView */,
				0A09575F16202C2400158B4F /* MapView */,
				0A09575E16202C1000158B4F /* TableView */,
				0A09574B1620120E00158B4F /* AJMainViewController.h */,
				0A09574C1620120E00158B4F /* AJMainViewController.m */,
				0A09574D1620120E00158B4F /* AJMainViewController.xib */,
				0A0957631620301E00158B4F /* AJMainSubViewDelegate.h */,
			);
			name = MainView;
			sourceTree = "<group>";
		};
		0A09575E16202C1000158B4F /* TableView */ = {
			isa = PBXGroup;
			children = (
				0A09575616201A1300158B4F /* PhotoTableViewCell.xib */,
				0A095758162023B800158B4F /* AJTableViewController.h */,
				0A095759162023B800158B4F /* AJTableViewController.m */,
				0A09575A162023B800158B4F /* AJTableViewController.xib */,
			);
			name = TableView;
			sourceTree = "<group>";
		};
		0A09575F16202C2400158B4F /* MapView */ = {
			isa = PBXGroup;
			children = (
				0A09576116202C7F00158B4F /* AnnotationView */,
				0A0957B51620544600158B4F /* AJMapViewController.h */,
				0A0957B61620544600158B4F /* AJMapViewController.m */,
				0A0957B71620544600158B4F /* AJMapViewController.xib */,
			);
			name = MapView;
			sourceTree = "<group>";
		};
		0A09576016202C5900158B4F /* ViewControllers */ = {
			isa = PBXGroup;
			children = (
				0A09576216202CA100158B4F /* CameraView */,
				0A09575D16202BFA00158B4F /* MainView */,
			);
			name = ViewControllers;
			sourceTree = "<group>";
		};
		0A09576116202C7F00158B4F /* AnnotationView */ = {
			isa = PBXGroup;
			children = (
				0A0957B21620543500158B4F /* AJPhotoAnnotation.h */,
				0A0957B31620543500158B4F /* AJPhotoAnnotation.m */,
			);
			name = AnnotationView;
			sourceTree = "<group>";
		};
		0A09576216202CA100158B4F /* CameraView */ = {
			isa = PBXGroup;
			children = (
				174F6690162054BE0058AF03 /* AJPhotoPreviewView.h */,
				174F6691162054BE0058AF03 /* AJPhotoPreviewView.m */,
				0A0957AD1620542300158B4F /* AJCameraOverlayViewController.h */,
				0A0957AE1620542300158B4F /* AJCameraOverlayViewController.m */,
				0A0957AF1620542300158B4F /* AJCameraOverlayViewController.xib */,
				1702835B162169680066FC53 /* AJCameraViewController.h */,
				1702835C162169680066FC53 /* AJCameraViewController.m */,
				1702835D162169680066FC53 /* AJCameraViewController.xib */,
			);
			name = CameraView;
			sourceTree = "<group>";
		};
		0A0957641620303800158B4F /* Model */ = {
			isa = PBXGroup;
			children = (
				0A0957651620307000158B4F /* AJPhoto.h */,
				0A0957661620307000158B4F /* AJPhoto.m */,
			);
			name = Model;
			sourceTree = "<group>";
		};
		0A09579116204B7E00158B4F /* Products */ = {
			isa = PBXGroup;
			children = (
				0A09579A16204B7F00158B4F /* libSDWebImage.a */,
				0A09579C16204B7F00158B4F /* libSDWebImageARC.a */,
				0A09579E16204B7F00158B4F /* libSDWebImageARC+MKAnnotation.a */,
			);
			name = Products;
			sourceTree = "<group>";
		};
		1710A60A161F9551003D599B = {
			isa = PBXGroup;
			children = (
				5B0FCB561621901E008D4367 /* Icon@2x.png */,
				5B0FCB5416219017008D4367 /* Icon.png */,
				0A09579016204B7E00158B4F /* SDWebImage.xcodeproj */,
				1710A61F161F9551003D599B /* Ajapaik */,
				1710A63D161F9551003D599B /* AjapaikTests */,
				1710A618161F9551003D599B /* Frameworks */,
				1710A616161F9551003D599B /* Products */,
			);
			sourceTree = "<group>";
		};
		1710A616161F9551003D599B /* Products */ = {
			isa = PBXGroup;
			children = (
				1710A615161F9551003D599B /* Ajapaik.app */,
				1710A636161F9551003D599B /* AjapaikTests.octest */,
			);
			name = Products;
			sourceTree = "<group>";
		};
		1710A618161F9551003D599B /* Frameworks */ = {
			isa = PBXGroup;
			children = (
				0A09577C1620438A00158B4F /* ImageIO.framework */,
				0A09577A1620437D00158B4F /* CoreImage.framework */,
				1710A619161F9551003D599B /* UIKit.framework */,
				1710A61B161F9551003D599B /* Foundation.framework */,
				1710A61D161F9551003D599B /* CoreGraphics.framework */,
				1710A637161F9551003D599B /* SenTestingKit.framework */,
				1710A655161F968B003D599B /* CoreLocation.framework */,
				1710A653161F9685003D599B /* MapKit.framework */,
				1710A663161FB0BA003D599B /* AVFoundation.framework */,
				17028364162178280066FC53 /* CoreVideo.framework */,
			);
			name = Frameworks;
			sourceTree = "<group>";
		};
		1710A61F161F9551003D599B /* Ajapaik */ = {
			isa = PBXGroup;
			children = (
				5B493AAD1620E4150038B76B /* Graphics */,
				0A09576016202C5900158B4F /* ViewControllers */,
				0A0957641620303800158B4F /* Model */,
				1710A620161F9551003D599B /* Supporting Files */,
				1710A628161F9551003D599B /* AJAppDelegate.h */,
				1710A629161F9551003D599B /* AJAppDelegate.m */,
				1710A620161F9551003D599B /* Supporting Files */,
			);
			path = Ajapaik;
			sourceTree = "<group>";
		};
		1710A620161F9551003D599B /* Supporting Files */ = {
			isa = PBXGroup;
			children = (
				1710A621161F9551003D599B /* Ajapaik-Info.plist */,
				1710A622161F9551003D599B /* InfoPlist.strings */,
				1710A625161F9551003D599B /* main.m */,
				1710A627161F9551003D599B /* Ajapaik-Prefix.pch */,
				1710A62B161F9551003D599B /* Default.png */,
				1710A62D161F9551003D599B /* Default@2x.png */,
				1710A62F161F9551003D599B /* Default-568h@2x.png */,
				5B493AB8162138970038B76B /* Icon@2x.png */,
				5B493AB9162138980038B76B /* Icon.png */,
				5B493ABA162138980038B76B /* iTunesArtwork.png */,
				1702836E16218CF80066FC53 /* Footer.png */,
				1702836F16218CF80066FC53 /* Footer@2x.png */,
				5B0FCB631621A509008D4367 /* TabBar.png */,
				5B0FCB641621A509008D4367 /* TabBar@2x.png */,
				1702836A16218CEA0066FC53 /* Camera.png */,
				1702836B16218CEA0066FC53 /* Camera@2x.png */,
				17028372162196890066FC53 /* Cross.png */,
				17028373162196890066FC53 /* Cross@2x.png */,
			);
			name = "Supporting Files";
			sourceTree = "<group>";
		};
		1710A63D161F9551003D599B /* AjapaikTests */ = {
			isa = PBXGroup;
			children = (
				1710A643161F9551003D599B /* AjapaikTests.h */,
				1710A644161F9551003D599B /* AjapaikTests.m */,
				1710A63E161F9551003D599B /* Supporting Files */,
			);
			path = AjapaikTests;
			sourceTree = "<group>";
		};
		1710A63E161F9551003D599B /* Supporting Files */ = {
			isa = PBXGroup;
			children = (
				1710A63F161F9551003D599B /* AjapaikTests-Info.plist */,
				1710A640161F9551003D599B /* InfoPlist.strings */,
			);
			name = "Supporting Files";
			sourceTree = "<group>";
		};
		5B493AAD1620E4150038B76B /* Graphics */ = {
			isa = PBXGroup;
			children = (
				5B493AAE1620E4150038B76B /* Ajapaik_logo@2x.png */,
				5B493AAF1620E4150038B76B /* bg.jpg */,
				5B493AB01620E4150038B76B /* footer_bg.jpg */,
				5B493AB11620E4150038B76B /* icon_camera.png */,
				5B493AB21620E4150038B76B /* icon_camera_hot.png */,
				5B493ABE162175490038B76B /* photo_frame.png */,
			);
			name = Graphics;
			path = ../Graphics;
			sourceTree = "<group>";
		};
		5BDD4012162046AF00B02EAD /* DetailView */ = {
			isa = PBXGroup;
			children = (
				5BDD40141620478000B02EAD /* AJDetailViewController.h */,
				5BDD40151620478000B02EAD /* AJDetailViewController.m */,
				5BDD40161620478000B02EAD /* AJDetailViewController.xib */,
			);
			name = DetailView;
			sourceTree = "<group>";
		};
/* End PBXGroup section */

/* Begin PBXNativeTarget section */
		1710A614161F9551003D599B /* Ajapaik */ = {
			isa = PBXNativeTarget;
			buildConfigurationList = 1710A648161F9551003D599B /* Build configuration list for PBXNativeTarget "Ajapaik" */;
			buildPhases = (
				1710A611161F9551003D599B /* Sources */,
				1710A612161F9551003D599B /* Frameworks */,
				1710A613161F9551003D599B /* Resources */,
			);
			buildRules = (
			);
			dependencies = (
				0A0957A016204B9900158B4F /* PBXTargetDependency */,
			);
			name = Ajapaik;
			productName = Ajapaik;
			productReference = 1710A615161F9551003D599B /* Ajapaik.app */;
			productType = "com.apple.product-type.application";
		};
		1710A635161F9551003D599B /* AjapaikTests */ = {
			isa = PBXNativeTarget;
			buildConfigurationList = 1710A64B161F9551003D599B /* Build configuration list for PBXNativeTarget "AjapaikTests" */;
			buildPhases = (
				1710A631161F9551003D599B /* Sources */,
				1710A632161F9551003D599B /* Frameworks */,
				1710A633161F9551003D599B /* Resources */,
				1710A634161F9551003D599B /* ShellScript */,
			);
			buildRules = (
			);
			dependencies = (
				1710A63C161F9551003D599B /* PBXTargetDependency */,
			);
			name = AjapaikTests;
			productName = AjapaikTests;
			productReference = 1710A636161F9551003D599B /* AjapaikTests.octest */;
			productType = "com.apple.product-type.bundle";
		};
/* End PBXNativeTarget section */

/* Begin PBXProject section */
		1710A60C161F9551003D599B /* Project object */ = {
			isa = PBXProject;
			attributes = {
				CLASSPREFIX = AJ;
				LastUpgradeCheck = 0450;
			};
			buildConfigurationList = 1710A60F161F9551003D599B /* Build configuration list for PBXProject "Ajapaik" */;
			compatibilityVersion = "Xcode 3.2";
			developmentRegion = English;
			hasScannedForEncodings = 0;
			knownRegions = (
				en,
			);
			mainGroup = 1710A60A161F9551003D599B;
			productRefGroup = 1710A616161F9551003D599B /* Products */;
			projectDirPath = "";
			projectReferences = (
				{
					ProductGroup = 0A09579116204B7E00158B4F /* Products */;
					ProjectRef = 0A09579016204B7E00158B4F /* SDWebImage.xcodeproj */;
				},
			);
			projectRoot = "";
			targets = (
				1710A614161F9551003D599B /* Ajapaik */,
				1710A635161F9551003D599B /* AjapaikTests */,
			);
		};
/* End PBXProject section */

/* Begin PBXReferenceProxy section */
		0A09579A16204B7F00158B4F /* libSDWebImage.a */ = {
			isa = PBXReferenceProxy;
			fileType = archive.ar;
			path = libSDWebImage.a;
			remoteRef = 0A09579916204B7F00158B4F /* PBXContainerItemProxy */;
			sourceTree = BUILT_PRODUCTS_DIR;
		};
		0A09579C16204B7F00158B4F /* libSDWebImageARC.a */ = {
			isa = PBXReferenceProxy;
			fileType = archive.ar;
			path = libSDWebImageARC.a;
			remoteRef = 0A09579B16204B7F00158B4F /* PBXContainerItemProxy */;
			sourceTree = BUILT_PRODUCTS_DIR;
		};
		0A09579E16204B7F00158B4F /* libSDWebImageARC+MKAnnotation.a */ = {
			isa = PBXReferenceProxy;
			fileType = archive.ar;
			path = "libSDWebImageARC+MKAnnotation.a";
			remoteRef = 0A09579D16204B7F00158B4F /* PBXContainerItemProxy */;
			sourceTree = BUILT_PRODUCTS_DIR;
		};
/* End PBXReferenceProxy section */

/* Begin PBXResourcesBuildPhase section */
		1710A613161F9551003D599B /* Resources */ = {
			isa = PBXResourcesBuildPhase;
			buildActionMask = 2147483647;
			files = (
				1710A624161F9551003D599B /* InfoPlist.strings in Resources */,
				1710A62C161F9551003D599B /* Default.png in Resources */,
				1710A62E161F9551003D599B /* Default@2x.png in Resources */,
				1710A630161F9551003D599B /* Default-568h@2x.png in Resources */,
				0A09574F1620120E00158B4F /* AJMainViewController.xib in Resources */,
				0A09575716201A1300158B4F /* PhotoTableViewCell.xib in Resources */,
				0A09575C162023B800158B4F /* AJTableViewController.xib in Resources */,
				5BDD40181620478000B02EAD /* AJDetailViewController.xib in Resources */,
				174F668116204A590058AF03 /* (null) in Resources */,
				174F668416204C710058AF03 /* (null) in Resources */,
				5B493A8616205C850038B76B /* AJMapViewController.xib in Resources */,
				5B493A8816205DE10038B76B /* AJCameraOverlayViewController.xib in Resources */,
				5B493AB31620E4150038B76B /* Ajapaik_logo@2x.png in Resources */,
				5B493AB41620E4150038B76B /* bg.jpg in Resources */,
				5B493AB51620E4150038B76B /* footer_bg.jpg in Resources */,
				5B493AB61620E4150038B76B /* icon_camera.png in Resources */,
				5B493AB71620E4150038B76B /* icon_camera_hot.png in Resources */,
				5B493ABB162138980038B76B /* Icon@2x.png in Resources */,
				5B493ABC162138980038B76B /* Icon.png in Resources */,
				5B493ABD162138980038B76B /* iTunesArtwork.png in Resources */,
				5B493ABF1621754B0038B76B /* photo_frame.png in Resources */,
				1702835F162169680066FC53 /* AJCameraViewController.xib in Resources */,
				1702836C16218CEA0066FC53 /* Camera.png in Resources */,
				1702836D16218CEA0066FC53 /* Camera@2x.png in Resources */,
				1702837016218CF80066FC53 /* Footer.png in Resources */,
				1702837116218CF80066FC53 /* Footer@2x.png in Resources */,
				17028374162196890066FC53 /* Cross.png in Resources */,
				17028375162196890066FC53 /* Cross@2x.png in Resources */,
				5B0FCB5516219017008D4367 /* Icon.png in Resources */,
				5B0FCB571621901E008D4367 /* Icon@2x.png in Resources */,
				5B0FCB651621A509008D4367 /* TabBar.png in Resources */,
				5B0FCB661621A509008D4367 /* TabBar@2x.png in Resources */,
			);
			runOnlyForDeploymentPostprocessing = 0;
		};
		1710A633161F9551003D599B /* Resources */ = {
			isa = PBXResourcesBuildPhase;
			buildActionMask = 2147483647;
			files = (
				1710A642161F9551003D599B /* InfoPlist.strings in Resources */,
			);
			runOnlyForDeploymentPostprocessing = 0;
		};
/* End PBXResourcesBuildPhase section */

/* Begin PBXShellScriptBuildPhase section */
		1710A634161F9551003D599B /* ShellScript */ = {
			isa = PBXShellScriptBuildPhase;
			buildActionMask = 2147483647;
			files = (
			);
			inputPaths = (
			);
			outputPaths = (
			);
			runOnlyForDeploymentPostprocessing = 0;
			shellPath = /bin/sh;
			shellScript = "# Run the unit tests in this test bundle.\n\"${SYSTEM_DEVELOPER_DIR}/Tools/RunUnitTests\"\n";
		};
/* End PBXShellScriptBuildPhase section */

/* Begin PBXSourcesBuildPhase section */
		1710A611161F9551003D599B /* Sources */ = {
			isa = PBXSourcesBuildPhase;
			buildActionMask = 2147483647;
			files = (
				1710A626161F9551003D599B /* main.m in Sources */,
				1710A62A161F9551003D599B /* AJAppDelegate.m in Sources */,
				0A09574E1620120E00158B4F /* AJMainViewController.m in Sources */,
				0A09575B162023B800158B4F /* AJTableViewController.m in Sources */,
				0A0957671620307000158B4F /* AJPhoto.m in Sources */,
				174F668016204A520058AF03 /* (null) in Sources */,
				174F668216204A780058AF03 /* (null) in Sources */,
				174F668316204C640058AF03 /* (null) in Sources */,
				174F6692162054BE0058AF03 /* AJPhotoPreviewView.m in Sources */,
				5BDD40171620478000B02EAD /* AJDetailViewController.m in Sources */,
				5B493A8516205C740038B76B /* AJMapViewController.m in Sources */,
				5B493A8716205CA80038B76B /* AJPhotoAnnotation.m in Sources */,
				5B493A8916205DE70038B76B /* AJCameraOverlayViewController.m in Sources */,
				1702835E162169680066FC53 /* AJCameraViewController.m in Sources */,
			);
			runOnlyForDeploymentPostprocessing = 0;
		};
		1710A631161F9551003D599B /* Sources */ = {
			isa = PBXSourcesBuildPhase;
			buildActionMask = 2147483647;
			files = (
				1710A645161F9551003D599B /* AjapaikTests.m in Sources */,
			);
			runOnlyForDeploymentPostprocessing = 0;
		};
/* End PBXSourcesBuildPhase section */

/* Begin PBXTargetDependency section */
		0A0957A016204B9900158B4F /* PBXTargetDependency */ = {
			isa = PBXTargetDependency;
			name = "SDWebImage ARC";
			targetProxy = 0A09579F16204B9900158B4F /* PBXContainerItemProxy */;
		};
		1710A63C161F9551003D599B /* PBXTargetDependency */ = {
			isa = PBXTargetDependency;
			target = 1710A614161F9551003D599B /* Ajapaik */;
			targetProxy = 1710A63B161F9551003D599B /* PBXContainerItemProxy */;
		};
/* End PBXTargetDependency section */

/* Begin PBXVariantGroup section */
		1710A622161F9551003D599B /* InfoPlist.strings */ = {
			isa = PBXVariantGroup;
			children = (
				1710A623161F9551003D599B /* en */,
			);
			name = InfoPlist.strings;
			sourceTree = "<group>";
		};
		1710A640161F9551003D599B /* InfoPlist.strings */ = {
			isa = PBXVariantGroup;
			children = (
				1710A641161F9551003D599B /* en */,
			);
			name = InfoPlist.strings;
			sourceTree = "<group>";
		};
/* End PBXVariantGroup section */

/* Begin XCBuildConfiguration section */
		1710A646161F9551003D599B /* Debug */ = {
			isa = XCBuildConfiguration;
			buildSettings = {
				ALWAYS_SEARCH_USER_PATHS = NO;
				CLANG_CXX_LANGUAGE_STANDARD = "gnu++0x";
				CLANG_CXX_LIBRARY = "libc++";
				CLANG_ENABLE_OBJC_ARC = YES;
				CLANG_WARN_EMPTY_BODY = YES;
				CLANG_WARN__DUPLICATE_METHOD_MATCH = YES;
				"CODE_SIGN_IDENTITY[sdk=iphoneos*]" = "iPhone Developer";
				COPY_PHASE_STRIP = NO;
				GCC_C_LANGUAGE_STANDARD = gnu99;
				GCC_DYNAMIC_NO_PIC = NO;
				GCC_OPTIMIZATION_LEVEL = 0;
				GCC_PREPROCESSOR_DEFINITIONS = (
					"DEBUG=1",
					"$(inherited)",
				);
				GCC_SYMBOLS_PRIVATE_EXTERN = NO;
				GCC_WARN_ABOUT_RETURN_TYPE = YES;
				GCC_WARN_UNINITIALIZED_AUTOS = YES;
				GCC_WARN_UNUSED_VARIABLE = YES;
				IPHONEOS_DEPLOYMENT_TARGET = 6.0;
				SDKROOT = iphoneos;
				TARGETED_DEVICE_FAMILY = "1,2";
			};
			name = Debug;
		};
		1710A647161F9551003D599B /* Release */ = {
			isa = XCBuildConfiguration;
			buildSettings = {
				ALWAYS_SEARCH_USER_PATHS = NO;
				CLANG_CXX_LANGUAGE_STANDARD = "gnu++0x";
				CLANG_CXX_LIBRARY = "libc++";
				CLANG_ENABLE_OBJC_ARC = YES;
				CLANG_WARN_EMPTY_BODY = YES;
				CLANG_WARN__DUPLICATE_METHOD_MATCH = YES;
				"CODE_SIGN_IDENTITY[sdk=iphoneos*]" = "iPhone Developer";
				COPY_PHASE_STRIP = YES;
				GCC_C_LANGUAGE_STANDARD = gnu99;
				GCC_WARN_ABOUT_RETURN_TYPE = YES;
				GCC_WARN_UNINITIALIZED_AUTOS = YES;
				GCC_WARN_UNUSED_VARIABLE = YES;
				IPHONEOS_DEPLOYMENT_TARGET = 6.0;
				OTHER_CFLAGS = "-DNS_BLOCK_ASSERTIONS=1";
				SDKROOT = iphoneos;
				TARGETED_DEVICE_FAMILY = "1,2";
				VALIDATE_PRODUCT = YES;
			};
			name = Release;
		};
		1710A649161F9551003D599B /* Debug */ = {
			isa = XCBuildConfiguration;
			buildSettings = {
				GCC_PRECOMPILE_PREFIX_HEADER = YES;
				GCC_PREFIX_HEADER = "Ajapaik/Ajapaik-Prefix.pch";
				HEADER_SEARCH_PATHS = (
					"$(OBJROOT)/UninstalledProducts/include",
					"$(TARGET_BUILD_DIR)/usr/local/lib/include”",
				);
				INFOPLIST_FILE = "Ajapaik/Ajapaik-Info.plist";
				OTHER_LDFLAGS = "-ObjC";
				PRODUCT_NAME = "$(TARGET_NAME)";
				WRAPPER_EXTENSION = app;
			};
			name = Debug;
		};
		1710A64A161F9551003D599B /* Release */ = {
			isa = XCBuildConfiguration;
			buildSettings = {
				GCC_PRECOMPILE_PREFIX_HEADER = YES;
				GCC_PREFIX_HEADER = "Ajapaik/Ajapaik-Prefix.pch";
				HEADER_SEARCH_PATHS = (
					"$(OBJROOT)/UninstalledProducts/include",
					"$(TARGET_BUILD_DIR)/usr/local/lib/include”",
				);
				INFOPLIST_FILE = "Ajapaik/Ajapaik-Info.plist";
				OTHER_LDFLAGS = "-ObjC";
				PRODUCT_NAME = "$(TARGET_NAME)";
				WRAPPER_EXTENSION = app;
			};
			name = Release;
		};
		1710A64C161F9551003D599B /* Debug */ = {
			isa = XCBuildConfiguration;
			buildSettings = {
				BUNDLE_LOADER = "$(BUILT_PRODUCTS_DIR)/Ajapaik.app/Ajapaik";
				FRAMEWORK_SEARCH_PATHS = (
					"\"$(SDKROOT)/Developer/Library/Frameworks\"",
					"\"$(DEVELOPER_LIBRARY_DIR)/Frameworks\"",
				);
				GCC_PRECOMPILE_PREFIX_HEADER = YES;
				GCC_PREFIX_HEADER = "Ajapaik/Ajapaik-Prefix.pch";
				INFOPLIST_FILE = "AjapaikTests/AjapaikTests-Info.plist";
				PRODUCT_NAME = "$(TARGET_NAME)";
				TEST_HOST = "$(BUNDLE_LOADER)";
				WRAPPER_EXTENSION = octest;
			};
			name = Debug;
		};
		1710A64D161F9551003D599B /* Release */ = {
			isa = XCBuildConfiguration;
			buildSettings = {
				BUNDLE_LOADER = "$(BUILT_PRODUCTS_DIR)/Ajapaik.app/Ajapaik";
				FRAMEWORK_SEARCH_PATHS = (
					"\"$(SDKROOT)/Developer/Library/Frameworks\"",
					"\"$(DEVELOPER_LIBRARY_DIR)/Frameworks\"",
				);
				GCC_PRECOMPILE_PREFIX_HEADER = YES;
				GCC_PREFIX_HEADER = "Ajapaik/Ajapaik-Prefix.pch";
				INFOPLIST_FILE = "AjapaikTests/AjapaikTests-Info.plist";
				PRODUCT_NAME = "$(TARGET_NAME)";
				TEST_HOST = "$(BUNDLE_LOADER)";
				WRAPPER_EXTENSION = octest;
			};
			name = Release;
		};
/* End XCBuildConfiguration section */

/* Begin XCConfigurationList section */
		1710A60F161F9551003D599B /* Build configuration list for PBXProject "Ajapaik" */ = {
			isa = XCConfigurationList;
			buildConfigurations = (
				1710A646161F9551003D599B /* Debug */,
				1710A647161F9551003D599B /* Release */,
			);
			defaultConfigurationIsVisible = 0;
			defaultConfigurationName = Release;
		};
		1710A648161F9551003D599B /* Build configuration list for PBXNativeTarget "Ajapaik" */ = {
			isa = XCConfigurationList;
			buildConfigurations = (
				1710A649161F9551003D599B /* Debug */,
				1710A64A161F9551003D599B /* Release */,
			);
			defaultConfigurationIsVisible = 0;
			defaultConfigurationName = Release;
		};
		1710A64B161F9551003D599B /* Build configuration list for PBXNativeTarget "AjapaikTests" */ = {
			isa = XCConfigurationList;
			buildConfigurations = (
				1710A64C161F9551003D599B /* Debug */,
				1710A64D161F9551003D599B /* Release */,
			);
			defaultConfigurationIsVisible = 0;
			defaultConfigurationName = Release;
		};
/* End XCConfigurationList section */
	};
	rootObject = 1710A60C161F9551003D599B /* Project object */;
}
